
Microsoft Visual Studio Solution File, Format Version 12.00
# Visual Studio Version 16
VisualStudioVersion = 16.0.31829.152
MinimumVisualStudioVersion = 10.0.40219.1
Project("{FAE04EC0-301F-11D3-BF4B-00C04F79EFBC}") = "Lab2", "Lab2\Lab2.csproj", "{6543EF3B-8FD2-4AB5-B262-4BE7BE76A5AF}"
EndProject
Global
	GlobalSection(SolutionConfigurationPlatforms) = preSolution
		Debug|Any CPU = Debug|Any CPU
		Release|Any CPU = Release|Any CPU
	EndGlobalSection
	GlobalSection(ProjectConfigurationPlatforms) = postSolution
		{6543EF3B-8FD2-4AB5-B262-4BE7BE76A5AF}.Debug|Any CPU.ActiveCfg = Debug|Any CPU
		{6543EF3B-8FD2-4AB5-B262-4BE7BE76A5AF}.Debug|Any CPU.Build.0 = Debug|Any CPU
		{6543EF3B-8FD2-4AB5-B262-4BE7BE76A5AF}.Release|Any CPU.ActiveCfg = Release|Any CPU
		{6543EF3B-8FD2-4AB5-B262-4BE7BE76A5AF}.Release|Any CPU.Build.0 = Release|Any CPU
	EndGlobalSection
	GlobalSection(SolutionProperties) = preSolution
		HideSolutionNode = FALSE
	EndGlobalSection
	GlobalSection(ExtensibilityGlobals) = postSolution
		SolutionGuid = {C437ACD0-91F4-4494-B708-540A19466A3C}
	EndGlobalSection
EndGlobal
